<?xml version="1.0" encoding="utf-8"?>
<Project ToolsVersion="4.0" xmlns="http://schemas.microsoft.com/developer/msbuild/2003">
  <ItemGroup>
    <Filter Include="Graphics">
      <UniqueIdentifier>{ba12620e-dd95-436b-9013-ca1b302b1973}</UniqueIdentifier>
    </Filter>
    <Filter Include="Math">
      <UniqueIdentifier>{76b1cfa1-45e8-4069-bf84-461b12327528}</UniqueIdentifier>
    </Filter>
    <Filter Include="Components">
      <UniqueIdentifier>{528d21eb-1a57-4877-91cb-cbb53f21c694}</UniqueIdentifier>
    </Filter>
    <Filter Include="Components\MovementComponent">
      <UniqueIdentifier>{e67cac60-e5d3-40b7-9e9a-e8843855066d}</UniqueIdentifier>
    </Filter>
    <Filter Include="Components\CollisionComponent">
      <UniqueIdentifier>{d063a9d2-27e7-44c9-b2d0-08aea8f689a3}</UniqueIdentifier>
    </Filter>
    <Filter Include="TinyXML">
      <UniqueIdentifier>{ba7c8fdc-f296-44de-b0b7-3db12a6f7b35}</UniqueIdentifier>
    </Filter>
  </ItemGroup>
  <ItemGroup>
    <ClCompile Include="Color4f.cpp">
      <Filter>Graphics</Filter>
    </ClCompile>
    <ClCompile Include="Renderer.cpp">
      <Filter>Graphics</Filter>
    </ClCompile>
    <ClCompile Include="RenderList.cpp">
      <Filter>Graphics</Filter>
    </ClCompile>
    <ClCompile Include="AnimatedSpriteRenderComponent.cpp">
      <Filter>Components</Filter>
    </ClCompile>
    <ClCompile Include="ParticleSystemRenderComponent.cpp">
      <Filter>Components</Filter>
    </ClCompile>
    <ClCompile Include="RenderComponent.cpp">
      <Filter>Components</Filter>
    </ClCompile>
    <ClCompile Include="StaticSpriteRenderComponent.cpp">
      <Filter>Components</Filter>
    </ClCompile>
    <ClCompile Include="ThinkComponent.cpp">
      <Filter>Components</Filter>
    </ClCompile>
    <ClCompile Include="BasicAccelPlaneMovementComponent.cpp">
      <Filter>Components\MovementComponent</Filter>
    </ClCompile>
    <ClCompile Include="BasicAirplaneMovementComponent.cpp">
      <Filter>Components\MovementComponent</Filter>
    </ClCompile>
    <ClCompile Include="PlasmaParticleMovementComponent.cpp">
      <Filter>Components\MovementComponent</Filter>
    </ClCompile>
    <ClCompile Include="StraightPathMovementComponent.cpp">
      <Filter>Components\MovementComponent</Filter>
    </ClCompile>
    <ClCompile Include="CollisionComponent.cpp">
      <Filter>Components\CollisionComponent</Filter>
    </ClCompile>
    <ClCompile Include="tinyxml\tinystr.cpp">
      <Filter>TinyXML</Filter>
    </ClCompile>
    <ClCompile Include="tinyxml\tinyxml.cpp">
      <Filter>TinyXML</Filter>
    </ClCompile>
    <ClCompile Include="tinyxml\tinyxmlerror.cpp">
      <Filter>TinyXML</Filter>
    </ClCompile>
    <ClCompile Include="tinyxml\tinyxmlparser.cpp">
      <Filter>TinyXML</Filter>
    </ClCompile>
    <ClCompile Include="Airplane.cpp" />
    <ClCompile Include="Application.cpp" />
    <ClCompile Include="b2BroadPhase.cpp" />
    <ClCompile Include="b2DynamicTree.cpp" />
    <ClCompile Include="Bullet.cpp" />
    <ClCompile Include="Camera.cpp" />
    <ClCompile Include="CollisionLogicComponent.cpp" />
    <ClCompile Include="CollisionSubsystem.cpp" />
    <ClCompile Include="ConfigFile.cpp" />
    <ClCompile Include="Effect.cpp" />
    <ClCompile Include="Entity.cpp" />
    <ClCompile Include="EntityFactory.cpp" />
    <ClCompile Include="Gun.cpp" />
    <ClCompile Include="main.cpp" />
    <ClCompile Include="mmgr.cpp" />
    <ClCompile Include="Path.cpp" />
    <ClCompile Include="PathMovementComponent.cpp" />
    <ClCompile Include="Powerup.cpp" />
    <ClCompile Include="SpawnThinkComponent.cpp" />
    <ClCompile Include="Timer.cpp" />
    <ClCompile Include="World.cpp" />
  </ItemGroup>
  <ItemGroup>
    <ClInclude Include="Color4f.h">
      <Filter>Graphics</Filter>
    </ClInclude>
    <ClInclude Include="Renderer.h">
      <Filter>Graphics</Filter>
    </ClInclude>
    <ClInclude Include="RenderList.h">
      <Filter>Graphics</Filter>
    </ClInclude>
    <ClInclude Include="MathUtils.h">
      <Filter>Math</Filter>
    </ClInclude>
    <ClInclude Include="Matrix2x2.h">
      <Filter>Math</Filter>
    </ClInclude>
    <ClInclude Include="Vector2.h">
      <Filter>Math</Filter>
    </ClInclude>
    <ClInclude Include="AnimatedSpriteRenderComponent.h">
      <Filter>Components</Filter>
    </ClInclude>
    <ClInclude Include="ParticleSystemRenderComponent.h">
      <Filter>Components</Filter>
    </ClInclude>
    <ClInclude Include="RenderComponent.h">
      <Filter>Components</Filter>
    </ClInclude>
    <ClInclude Include="StaticSpriteRenderComponent.h">
      <Filter>Components</Filter>
    </ClInclude>
    <ClInclude Include="ThinkComponent.h">
      <Filter>Components</Filter>
    </ClInclude>
    <ClInclude Include="BasicAccelPlaneMovementComponent.h">
      <Filter>Components\MovementComponent</Filter>
    </ClInclude>
    <ClInclude Include="BasicAirplaneMovementComponent.h">
      <Filter>Components\MovementComponent</Filter>
    </ClInclude>
    <ClInclude Include="MovementComponent.h">
      <Filter>Components\MovementComponent</Filter>
    </ClInclude>
    <ClInclude Include="PlasmaParticleMovementComponent.h">
      <Filter>Components\MovementComponent</Filter>
    </ClInclude>
    <ClInclude Include="StraightPathMovementComponent.h">
      <Filter>Components\MovementComponent</Filter>
    </ClInclude>
    <ClInclude Include="CollisionComponent.h">
      <Filter>Components\CollisionComponent</Filter>
    </ClInclude>
    <ClInclude Include="tinyxml\tinystr.h">
      <Filter>TinyXML</Filter>
    </ClInclude>
    <ClInclude Include="tinyxml\tinyxml.h">
      <Filter>TinyXML</Filter>
    </ClInclude>
    <ClInclude Include="Airplane.h" />
    <ClInclude Include="Application.h" />
    <ClInclude Include="b2BroadPhase.h" />
    <ClInclude Include="b2DynamicTree.h" />
    <ClInclude Include="Bullet.h" />
    <ClInclude Include="Camera.h" />
    <ClInclude Include="CollisionBase.h" />
    <ClInclude Include="CollisionLogicComponent.h" />
    <ClInclude Include="CollisionSubsystem.h" />
    <ClInclude Include="Component.h" />
    <ClInclude Include="ConfigFile.h" />
    <ClInclude Include="Effect.h" />
    <ClInclude Include="Entity.h" />
    <ClInclude Include="EntityFactory.h" />
    <ClInclude Include="Gun.h" />
    <ClInclude Include="mmgr.h" />
    <ClInclude Include="nommgr.h" />
    <ClInclude Include="Path.h" />
    <ClInclude Include="PathMovementComponent.h" />
    <ClInclude Include="Powerup.h" />
    <ClInclude Include="SpawnThinkComponent.h" />
    <ClInclude Include="stdincludes.h" />
    <ClInclude Include="timer.h" />
    <ClInclude Include="Transform.h" />
    <ClInclude Include="World.h" />
  </ItemGroup>
  <ItemGroup>
    <None Include="Matrix2x2.inl">
      <Filter>Math</Filter>
    </None>
  </ItemGroup>
  <ItemGroup>
    <Xml Include="world.xml" />
  </ItemGroup>
</Project>